// !$*UTF8*$!
{
	archiveVersion = 1;
	classes = {
	};
	objectVersion = 56;
	objects = {

/* Begin PBXBuildFile section */
		3D59EA0C28FB0A8E00E6EAC8 /* DetailViewController.swift in Sources */ = {isa = PBXBuildFile; fileRef = 3D59EA0B28FB0A8E00E6EAC8 /* DetailViewController.swift */; };
		3D59EA1528FB0AC100E6EAC8 /* AddTaskViewController.swift in Sources */ = {isa = PBXBuildFile; fileRef = 3D59EA1128FB0AC100E6EAC8 /* AddTaskViewController.swift */; };
		3D59EA1E28FB0B3F00E6EAC8 /* MainProtocols.swift in Sources */ = {isa = PBXBuildFile; fileRef = 3D59EA1D28FB0B3F00E6EAC8 /* MainProtocols.swift */; };
		3D59EA2028FB11E700E6EAC8 /* MainInteractor.swift in Sources */ = {isa = PBXBuildFile; fileRef = 3D59EA1F28FB11E700E6EAC8 /* MainInteractor.swift */; };
		3D59EA2228FB1AA100E6EAC8 /* MainPresenter.swift in Sources */ = {isa = PBXBuildFile; fileRef = 3D59EA2128FB1AA100E6EAC8 /* MainPresenter.swift */; };
		3D59EA2428FB1C1C00E6EAC8 /* MainRouter.swift in Sources */ = {isa = PBXBuildFile; fileRef = 3D59EA2328FB1C1C00E6EAC8 /* MainRouter.swift */; };
		3D59EA2628FB230800E6EAC8 /* TableViewCell.swift in Sources */ = {isa = PBXBuildFile; fileRef = 3D59EA2528FB230800E6EAC8 /* TableViewCell.swift */; };
		3DC108A328FAF21E00089FC0 /* AppDelegate.swift in Sources */ = {isa = PBXBuildFile; fileRef = 3DC108A228FAF21E00089FC0 /* AppDelegate.swift */; };
		3DC108A528FAF21E00089FC0 /* SceneDelegate.swift in Sources */ = {isa = PBXBuildFile; fileRef = 3DC108A428FAF21E00089FC0 /* SceneDelegate.swift */; };
		3DC108A728FAF21E00089FC0 /* MainViewController.swift in Sources */ = {isa = PBXBuildFile; fileRef = 3DC108A628FAF21E00089FC0 /* MainViewController.swift */; };
		3DC108AA28FAF21E00089FC0 /* Main.storyboard in Resources */ = {isa = PBXBuildFile; fileRef = 3DC108A828FAF21E00089FC0 /* Main.storyboard */; };
		3DC108AC28FAF22000089FC0 /* Assets.xcassets in Resources */ = {isa = PBXBuildFile; fileRef = 3DC108AB28FAF22000089FC0 /* Assets.xcassets */; };
		3DC108AF28FAF22000089FC0 /* LaunchScreen.storyboard in Resources */ = {isa = PBXBuildFile; fileRef = 3DC108AD28FAF22000089FC0 /* LaunchScreen.storyboard */; };
		3DC108C528FAF39500089FC0 /* FMDatabaseQueue.m in Sources */ = {isa = PBXBuildFile; fileRef = 3DC108BC28FAF39100089FC0 /* FMDatabaseQueue.m */; };
		3DC108C628FAF39500089FC0 /* FMDatabaseAdditions.m in Sources */ = {isa = PBXBuildFile; fileRef = 3DC108BD28FAF39100089FC0 /* FMDatabaseAdditions.m */; };
		3DC108C728FAF39500089FC0 /* FMResultSet.m in Sources */ = {isa = PBXBuildFile; fileRef = 3DC108BE28FAF39200089FC0 /* FMResultSet.m */; };
		3DC108C828FAF39500089FC0 /* FMDatabasePool.m in Sources */ = {isa = PBXBuildFile; fileRef = 3DC108BF28FAF39200089FC0 /* FMDatabasePool.m */; };
		3DC108C928FAF39500089FC0 /* FMDatabase.m in Sources */ = {isa = PBXBuildFile; fileRef = 3DC108C028FAF39300089FC0 /* FMDatabase.m */; };
		3DC108CB28FAF42C00089FC0 /* toDo.sqlite in Resources */ = {isa = PBXBuildFile; fileRef = 3DC108CA28FAF42C00089FC0 /* toDo.sqlite */; };
/* End PBXBuildFile section */

/* Begin PBXFileReference section */
		3D59EA0B28FB0A8E00E6EAC8 /* DetailViewController.swift */ = {isa = PBXFileReference; lastKnownFileType = sourcecode.swift; path = DetailViewController.swift; sourceTree = "<group>"; };
		3D59EA1128FB0AC100E6EAC8 /* AddTaskViewController.swift */ = {isa = PBXFileReference; fileEncoding = 4; lastKnownFileType = sourcecode.swift; path = AddTaskViewController.swift; sourceTree = "<group>"; };
		3D59EA1D28FB0B3F00E6EAC8 /* MainProtocols.swift */ = {isa = PBXFileReference; lastKnownFileType = sourcecode.swift; path = MainProtocols.swift; sourceTree = "<group>"; };
		3D59EA1F28FB11E700E6EAC8 /* MainInteractor.swift */ = {isa = PBXFileReference; lastKnownFileType = sourcecode.swift; path = MainInteractor.swift; sourceTree = "<group>"; };
		3D59EA2128FB1AA100E6EAC8 /* MainPresenter.swift */ = {isa = PBXFileReference; lastKnownFileType = sourcecode.swift; path = MainPresenter.swift; sourceTree = "<group>"; };
		3D59EA2328FB1C1C00E6EAC8 /* MainRouter.swift */ = {isa = PBXFileReference; lastKnownFileType = sourcecode.swift; path = MainRouter.swift; sourceTree = "<group>"; };
		3D59EA2528FB230800E6EAC8 /* TableViewCell.swift */ = {isa = PBXFileReference; lastKnownFileType = sourcecode.swift; path = TableViewCell.swift; sourceTree = "<group>"; };
		3DC1089F28FAF21E00089FC0 /* ToDo-Homework.app */ = {isa = PBXFileReference; explicitFileType = wrapper.application; includeInIndex = 0; path = "ToDo-Homework.app"; sourceTree = BUILT_PRODUCTS_DIR; };
		3DC108A228FAF21E00089FC0 /* AppDelegate.swift */ = {isa = PBXFileReference; lastKnownFileType = sourcecode.swift; path = AppDelegate.swift; sourceTree = "<group>"; };
		3DC108A428FAF21E00089FC0 /* SceneDelegate.swift */ = {isa = PBXFileReference; lastKnownFileType = sourcecode.swift; path = SceneDelegate.swift; sourceTree = "<group>"; };
		3DC108A628FAF21E00089FC0 /* MainViewController.swift */ = {isa = PBXFileReference; lastKnownFileType = sourcecode.swift; path = MainViewController.swift; sourceTree = "<group>"; };
		3DC108A928FAF21E00089FC0 /* Base */ = {isa = PBXFileReference; lastKnownFileType = file.storyboard; name = Base; path = Base.lproj/Main.storyboard; sourceTree = "<group>"; };
		3DC108AB28FAF22000089FC0 /* Assets.xcassets */ = {isa = PBXFileReference; lastKnownFileType = folder.assetcatalog; path = Assets.xcassets; sourceTree = "<group>"; };
		3DC108AE28FAF22000089FC0 /* Base */ = {isa = PBXFileReference; lastKnownFileType = file.storyboard; name = Base; path = Base.lproj/LaunchScreen.storyboard; sourceTree = "<group>"; };
		3DC108B028FAF22000089FC0 /* Info.plist */ = {isa = PBXFileReference; lastKnownFileType = text.plist.xml; path = Info.plist; sourceTree = "<group>"; };
		3DC108B728FAF36400089FC0 /* libsqlite3.tbd */ = {isa = PBXFileReference; lastKnownFileType = "sourcecode.text-based-dylib-definition"; name = libsqlite3.tbd; path = usr/lib/libsqlite3.tbd; sourceTree = SDKROOT; };
		3DC108B928FAF38F00089FC0 /* ToDo-Homework-Bridging-Header.h */ = {isa = PBXFileReference; lastKnownFileType = sourcecode.c.h; path = "ToDo-Homework-Bridging-Header.h"; sourceTree = "<group>"; };
		3DC108BA28FAF39000089FC0 /* FMDatabaseQueue.h */ = {isa = PBXFileReference; fileEncoding = 4; lastKnownFileType = sourcecode.c.h; path = FMDatabaseQueue.h; sourceTree = "<group>"; };
		3DC108BB28FAF39100089FC0 /* FMDB.h */ = {isa = PBXFileReference; fileEncoding = 4; lastKnownFileType = sourcecode.c.h; path = FMDB.h; sourceTree = "<group>"; };
		3DC108BC28FAF39100089FC0 /* FMDatabaseQueue.m */ = {isa = PBXFileReference; fileEncoding = 4; lastKnownFileType = sourcecode.c.objc; path = FMDatabaseQueue.m; sourceTree = "<group>"; };
		3DC108BD28FAF39100089FC0 /* FMDatabaseAdditions.m */ = {isa = PBXFileReference; fileEncoding = 4; lastKnownFileType = sourcecode.c.objc; path = FMDatabaseAdditions.m; sourceTree = "<group>"; };
		3DC108BE28FAF39200089FC0 /* FMResultSet.m */ = {isa = PBXFileReference; fileEncoding = 4; lastKnownFileType = sourcecode.c.objc; path = FMResultSet.m; sourceTree = "<group>"; };
		3DC108BF28FAF39200089FC0 /* FMDatabasePool.m */ = {isa = PBXFileReference; fileEncoding = 4; lastKnownFileType = sourcecode.c.objc; path = FMDatabasePool.m; sourceTree = "<group>"; };
		3DC108C028FAF39300089FC0 /* FMDatabase.m */ = {isa = PBXFileReference; fileEncoding = 4; lastKnownFileType = sourcecode.c.objc; path = FMDatabase.m; sourceTree = "<group>"; };
		3DC108C128FAF39300089FC0 /* FMDatabasePool.h */ = {isa = PBXFileReference; fileEncoding = 4; lastKnownFileType = sourcecode.c.h; path = FMDatabasePool.h; sourceTree = "<group>"; };
		3DC108C228FAF39400089FC0 /* FMDatabase.h */ = {isa = PBXFileReference; fileEncoding = 4; lastKnownFileType = sourcecode.c.h; path = FMDatabase.h; sourceTree = "<group>"; };
		3DC108C328FAF39400089FC0 /* FMDatabaseAdditions.h */ = {isa = PBXFileReference; fileEncoding = 4; lastKnownFileType = sourcecode.c.h; path = FMDatabaseAdditions.h; sourceTree = "<group>"; };
		3DC108C428FAF39400089FC0 /* FMResultSet.h */ = {isa = PBXFileReference; fileEncoding = 4; lastKnownFileType = sourcecode.c.h; path = FMResultSet.h; sourceTree = "<group>"; };
		3DC108CA28FAF42C00089FC0 /* toDo.sqlite */ = {isa = PBXFileReference; lastKnownFileType = file; path = toDo.sqlite; sourceTree = SOURCE_ROOT; };
/* End PBXFileReference section */

/* Begin PBXFrameworksBuildPhase section */
		3DC1089C28FAF21E00089FC0 /* Frameworks */ = {
			isa = PBXFrameworksBuildPhase;
			buildActionMask = 2147483647;
			files = (
			);
			runOnlyForDeploymentPostprocessing = 0;
		};
/* End PBXFrameworksBuildPhase section */

/* Begin PBXGroup section */
		3D59EA0D28FB0AC100E6EAC8 /* AddTask-Module */ = {
			isa = PBXGroup;
			children = (
				3D59EA0E28FB0AC100E6EAC8 /* Entity */,
				3D59EA0F28FB0AC100E6EAC8 /* Presenter */,
				3D59EA1028FB0AC100E6EAC8 /* View */,
				3D59EA1228FB0AC100E6EAC8 /* Protocols */,
				3D59EA1328FB0AC100E6EAC8 /* Interactor */,
				3D59EA1428FB0AC100E6EAC8 /* Router */,
			);
			path = "AddTask-Module";
			sourceTree = "<group>";
		};
		3D59EA0E28FB0AC100E6EAC8 /* Entity */ = {
			isa = PBXGroup;
			children = (
			);
			path = Entity;
			sourceTree = "<group>";
		};
		3D59EA0F28FB0AC100E6EAC8 /* Presenter */ = {
			isa = PBXGroup;
			children = (
			);
			path = Presenter;
			sourceTree = "<group>";
		};
		3D59EA1028FB0AC100E6EAC8 /* View */ = {
			isa = PBXGroup;
			children = (
				3D59EA1128FB0AC100E6EAC8 /* AddTaskViewController.swift */,
			);
			path = View;
			sourceTree = "<group>";
		};
		3D59EA1228FB0AC100E6EAC8 /* Protocols */ = {
			isa = PBXGroup;
			children = (
			);
			path = Protocols;
			sourceTree = "<group>";
		};
		3D59EA1328FB0AC100E6EAC8 /* Interactor */ = {
			isa = PBXGroup;
			children = (
			);
			path = Interactor;
			sourceTree = "<group>";
		};
		3D59EA1428FB0AC100E6EAC8 /* Router */ = {
			isa = PBXGroup;
			children = (
			);
			path = Router;
			sourceTree = "<group>";
		};
		3D59EA1628FB0ADE00E6EAC8 /* Detail-Module */ = {
			isa = PBXGroup;
			children = (
				3D59EA1728FB0ADE00E6EAC8 /* Entity */,
				3D59EA1828FB0ADE00E6EAC8 /* Presenter */,
				3D59EA1928FB0ADE00E6EAC8 /* View */,
				3D59EA1A28FB0ADE00E6EAC8 /* Protocols */,
				3D59EA1B28FB0ADE00E6EAC8 /* Interactor */,
				3D59EA1C28FB0ADE00E6EAC8 /* Router */,
			);
			path = "Detail-Module";
			sourceTree = "<group>";
		};
		3D59EA1728FB0ADE00E6EAC8 /* Entity */ = {
			isa = PBXGroup;
			children = (
			);
			path = Entity;
			sourceTree = "<group>";
		};
		3D59EA1828FB0ADE00E6EAC8 /* Presenter */ = {
			isa = PBXGroup;
			children = (
			);
			path = Presenter;
			sourceTree = "<group>";
		};
		3D59EA1928FB0ADE00E6EAC8 /* View */ = {
			isa = PBXGroup;
			children = (
				3D59EA0B28FB0A8E00E6EAC8 /* DetailViewController.swift */,
			);
			path = View;
			sourceTree = "<group>";
		};
		3D59EA1A28FB0ADE00E6EAC8 /* Protocols */ = {
			isa = PBXGroup;
			children = (
			);
			path = Protocols;
			sourceTree = "<group>";
		};
		3D59EA1B28FB0ADE00E6EAC8 /* Interactor */ = {
			isa = PBXGroup;
			children = (
			);
			path = Interactor;
			sourceTree = "<group>";
		};
		3D59EA1C28FB0ADE00E6EAC8 /* Router */ = {
			isa = PBXGroup;
			children = (
			);
			path = Router;
			sourceTree = "<group>";
		};
		3DC1089628FAF21E00089FC0 = {
			isa = PBXGroup;
			children = (
				3DC108A128FAF21E00089FC0 /* ToDo-Homework */,
				3DC108A028FAF21E00089FC0 /* Products */,
				3DC108B628FAF36300089FC0 /* Frameworks */,
			);
			sourceTree = "<group>";
		};
		3DC108A028FAF21E00089FC0 /* Products */ = {
			isa = PBXGroup;
			children = (
				3DC1089F28FAF21E00089FC0 /* ToDo-Homework.app */,
			);
			name = Products;
			sourceTree = "<group>";
		};
		3DC108A128FAF21E00089FC0 /* ToDo-Homework */ = {
			isa = PBXGroup;
			children = (
				3D59EA1628FB0ADE00E6EAC8 /* Detail-Module */,
				3D59EA0D28FB0AC100E6EAC8 /* AddTask-Module */,
				3DC108D028FB089100089FC0 /* Main-Module */,
				3DC108A228FAF21E00089FC0 /* AppDelegate.swift */,
				3DC108A828FAF21E00089FC0 /* Main.storyboard */,
				3DC108A428FAF21E00089FC0 /* SceneDelegate.swift */,
				3DC108AB28FAF22000089FC0 /* Assets.xcassets */,
				3DC108AD28FAF22000089FC0 /* LaunchScreen.storyboard */,
				3DC108B028FAF22000089FC0 /* Info.plist */,
				3DC108B828FAF37E00089FC0 /* Database Files */,
			);
			path = "ToDo-Homework";
			sourceTree = "<group>";
		};
		3DC108B628FAF36300089FC0 /* Frameworks */ = {
			isa = PBXGroup;
			children = (
				3DC108B728FAF36400089FC0 /* libsqlite3.tbd */,
			);
			name = Frameworks;
			sourceTree = "<group>";
		};
		3DC108B828FAF37E00089FC0 /* Database Files */ = {
			isa = PBXGroup;
			children = (
				3DC108CA28FAF42C00089FC0 /* toDo.sqlite */,
				3DC108C228FAF39400089FC0 /* FMDatabase.h */,
				3DC108C028FAF39300089FC0 /* FMDatabase.m */,
				3DC108C328FAF39400089FC0 /* FMDatabaseAdditions.h */,
				3DC108BD28FAF39100089FC0 /* FMDatabaseAdditions.m */,
				3DC108C128FAF39300089FC0 /* FMDatabasePool.h */,
				3DC108BF28FAF39200089FC0 /* FMDatabasePool.m */,
				3DC108BA28FAF39000089FC0 /* FMDatabaseQueue.h */,
				3DC108BC28FAF39100089FC0 /* FMDatabaseQueue.m */,
				3DC108BB28FAF39100089FC0 /* FMDB.h */,
				3DC108C428FAF39400089FC0 /* FMResultSet.h */,
				3DC108BE28FAF39200089FC0 /* FMResultSet.m */,
				3DC108B928FAF38F00089FC0 /* ToDo-Homework-Bridging-Header.h */,
			);
			path = "Database Files";
			sourceTree = "<group>";
		};
		3DC108D028FB089100089FC0 /* Main-Module */ = {
			isa = PBXGroup;
			children = (
				3DC108D228FB08C200089FC0 /* Protocols */,
				3DC108D628FB08F900089FC0 /* Presenter */,
				3DC108D528FB08DF00089FC0 /* Router */,
				3DC108D428FB08D500089FC0 /* View */,
				3DC108D328FB08C900089FC0 /* Entity */,
				3DC108D128FB08B500089FC0 /* Interactor */,
			);
			path = "Main-Module";
			sourceTree = "<group>";
		};
		3DC108D128FB08B500089FC0 /* Interactor */ = {
			isa = PBXGroup;
			children = (
				3D59EA1F28FB11E700E6EAC8 /* MainInteractor.swift */,
			);
			path = Interactor;
			sourceTree = "<group>";
		};
		3DC108D228FB08C200089FC0 /* Protocols */ = {
			isa = PBXGroup;
			children = (
				3D59EA1D28FB0B3F00E6EAC8 /* MainProtocols.swift */,
			);
			path = Protocols;
			sourceTree = "<group>";
		};
		3DC108D328FB08C900089FC0 /* Entity */ = {
			isa = PBXGroup;
			children = (
			);
			path = Entity;
			sourceTree = "<group>";
		};
		3DC108D428FB08D500089FC0 /* View */ = {
			isa = PBXGroup;
			children = (
				3DC108A628FAF21E00089FC0 /* MainViewController.swift */,
				3D59EA2528FB230800E6EAC8 /* TableViewCell.swift */,
			);
			path = View;
			sourceTree = "<group>";
		};
		3DC108D528FB08DF00089FC0 /* Router */ = {
			isa = PBXGroup;
			children = (
				3D59EA2328FB1C1C00E6EAC8 /* MainRouter.swift */,
			);
			path = Router;
			sourceTree = "<group>";
		};
		3DC108D628FB08F900089FC0 /* Presenter */ = {
			isa = PBXGroup;
			children = (
				3D59EA2128FB1AA100E6EAC8 /* MainPresenter.swift */,
			);
			path = Presenter;
			sourceTree = "<group>";
		};
/* End PBXGroup section */

/* Begin PBXNativeTarget section */
		3DC1089E28FAF21E00089FC0 /* ToDo-Homework */ = {
			isa = PBXNativeTarget;
			buildConfigurationList = 3DC108B328FAF22000089FC0 /* Build configuration list for PBXNativeTarget "ToDo-Homework" */;
			buildPhases = (
				3DC1089B28FAF21E00089FC0 /* Sources */,
				3DC1089C28FAF21E00089FC0 /* Frameworks */,
				3DC1089D28FAF21E00089FC0 /* Resources */,
			);
			buildRules = (
			);
			dependencies = (
			);
			name = "ToDo-Homework";
			productName = "ToDo-Homework";
			productReference = 3DC1089F28FAF21E00089FC0 /* ToDo-Homework.app */;
			productType = "com.apple.product-type.application";
		};
/* End PBXNativeTarget section */

/* Begin PBXProject section */
		3DC1089728FAF21E00089FC0 /* Project object */ = {
			isa = PBXProject;
			attributes = {
				BuildIndependentTargetsInParallel = 1;
				LastSwiftUpdateCheck = 1400;
				LastUpgradeCheck = 1400;
				TargetAttributes = {
					3DC1089E28FAF21E00089FC0 = {
						CreatedOnToolsVersion = 14.0.1;
						LastSwiftMigration = 1400;
					};
				};
			};
			buildConfigurationList = 3DC1089A28FAF21E00089FC0 /* Build configuration list for PBXProject "ToDo-Homework" */;
			compatibilityVersion = "Xcode 14.0";
			developmentRegion = en;
			hasScannedForEncodings = 0;
			knownRegions = (
				en,
				Base,
			);
			mainGroup = 3DC1089628FAF21E00089FC0;
			productRefGroup = 3DC108A028FAF21E00089FC0 /* Products */;
			projectDirPath = "";
			projectRoot = "";
			targets = (
				3DC1089E28FAF21E00089FC0 /* ToDo-Homework */,
			);
		};
/* End PBXProject section */

/* Begin PBXResourcesBuildPhase section */
		3DC1089D28FAF21E00089FC0 /* Resources */ = {
			isa = PBXResourcesBuildPhase;
			buildActionMask = 2147483647;
			files = (
				3DC108AF28FAF22000089FC0 /* LaunchScreen.storyboard in Resources */,
				3DC108CB28FAF42C00089FC0 /* toDo.sqlite in Resources */,
				3DC108AC28FAF22000089FC0 /* Assets.xcassets in Resources */,
				3DC108AA28FAF21E00089FC0 /* Main.storyboard in Resources */,
			);
			runOnlyForDeploymentPostprocessing = 0;
		};
/* End PBXResourcesBuildPhase section */

/* Begin PBXSourcesBuildPhase section */
		3DC1089B28FAF21E00089FC0 /* Sources */ = {
			isa = PBXSourcesBuildPhase;
			buildActionMask = 2147483647;
			files = (
				3D59EA2628FB230800E6EAC8 /* TableViewCell.swift in Sources */,
				3D59EA0C28FB0A8E00E6EAC8 /* DetailViewController.swift in Sources */,
				3D59EA2428FB1C1C00E6EAC8 /* MainRouter.swift in Sources */,
				3DC108C728FAF39500089FC0 /* FMResultSet.m in Sources */,
				3D59EA1E28FB0B3F00E6EAC8 /* MainProtocols.swift in Sources */,
				3DC108A728FAF21E00089FC0 /* MainViewController.swift in Sources */,
				3DC108C528FAF39500089FC0 /* FMDatabaseQueue.m in Sources */,
				3DC108A328FAF21E00089FC0 /* AppDelegate.swift in Sources */,
				3D59EA2228FB1AA100E6EAC8 /* MainPresenter.swift in Sources */,
				3DC108C828FAF39500089FC0 /* FMDatabasePool.m in Sources */,
				3DC108A528FAF21E00089FC0 /* SceneDelegate.swift in Sources */,
				3DC108C628FAF39500089FC0 /* FMDatabaseAdditions.m in Sources */,
				3DC108C928FAF39500089FC0 /* FMDatabase.m in Sources */,
				3D59EA1528FB0AC100E6EAC8 /* AddTaskViewController.swift in Sources */,
				3D59EA2028FB11E700E6EAC8 /* MainInteractor.swift in Sources */,
			);
			runOnlyForDeploymentPostprocessing = 0;
		};
/* End PBXSourcesBuildPhase section */

/* Begin PBXVariantGroup section */
		3DC108A828FAF21E00089FC0 /* Main.storyboard */ = {
			isa = PBXVariantGroup;
			children = (
				3DC108A928FAF21E00089FC0 /* Base */,
			);
			name = Main.storyboard;
			sourceTree = "<group>";
		};
		3DC108AD28FAF22000089FC0 /* LaunchScreen.storyboard */ = {
			isa = PBXVariantGroup;
			children = (
				3DC108AE28FAF22000089FC0 /* Base */,
			);
			name = LaunchScreen.storyboard;
			sourceTree = "<group>";
		};
/* End PBXVariantGroup section */

/* Begin XCBuildConfiguration section */
		3DC108B128FAF22000089FC0 /* Debug */ = {
			isa = XCBuildConfiguration;
			buildSettings = {
				ALWAYS_SEARCH_USER_PATHS = NO;
				CLANG_ANALYZER_NONNULL = YES;
				CLANG_ANALYZER_NUMBER_OBJECT_CONVERSION = YES_AGGRESSIVE;
				CLANG_CXX_LANGUAGE_STANDARD = "gnu++20";
				CLANG_ENABLE_MODULES = YES;
				CLANG_ENABLE_OBJC_ARC = YES;
				CLANG_ENABLE_OBJC_WEAK = YES;
				CLANG_WARN_BLOCK_CAPTURE_AUTORELEASING = YES;
				CLANG_WARN_BOOL_CONVERSION = YES;
				CLANG_WARN_COMMA = YES;
				CLANG_WARN_CONSTANT_CONVERSION = YES;
				CLANG_WARN_DEPRECATED_OBJC_IMPLEMENTATIONS = YES;
				CLANG_WARN_DIRECT_OBJC_ISA_USAGE = YES_ERROR;
				CLANG_WARN_DOCUMENTATION_COMMENTS = YES;
				CLANG_WARN_EMPTY_BODY = YES;
				CLANG_WARN_ENUM_CONVERSION = YES;
				CLANG_WARN_INFINITE_RECURSION = YES;
				CLANG_WARN_INT_CONVERSION = YES;
				CLANG_WARN_NON_LITERAL_NULL_CONVERSION = YES;
				CLANG_WARN_OBJC_IMPLICIT_RETAIN_SELF = YES;
				CLANG_WARN_OBJC_LITERAL_CONVERSION = YES;
				CLANG_WARN_OBJC_ROOT_CLASS = YES_ERROR;
				CLANG_WARN_QUOTED_INCLUDE_IN_FRAMEWORK_HEADER = YES;
				CLANG_WARN_RANGE_LOOP_ANALYSIS = YES;
				CLANG_WARN_STRICT_PROTOTYPES = YES;
				CLANG_WARN_SUSPICIOUS_MOVE = YES;
				CLANG_WARN_UNGUARDED_AVAILABILITY = YES_AGGRESSIVE;
				CLANG_WARN_UNREACHABLE_CODE = YES;
				CLANG_WARN__DUPLICATE_METHOD_MATCH = YES;
				COPY_PHASE_STRIP = NO;
				DEBUG_INFORMATION_FORMAT = dwarf;
				ENABLE_STRICT_OBJC_MSGSEND = YES;
				ENABLE_TESTABILITY = YES;
				GCC_C_LANGUAGE_STANDARD = gnu11;
				GCC_DYNAMIC_NO_PIC = NO;
				GCC_NO_COMMON_BLOCKS = YES;
				GCC_OPTIMIZATION_LEVEL = 0;
				GCC_PREPROCESSOR_DEFINITIONS = (
					"DEBUG=1",
					"$(inherited)",
				);
				GCC_WARN_64_TO_32_BIT_CONVERSION = YES;
				GCC_WARN_ABOUT_RETURN_TYPE = YES_ERROR;
				GCC_WARN_UNDECLARED_SELECTOR = YES;
				GCC_WARN_UNINITIALIZED_AUTOS = YES_AGGRESSIVE;
				GCC_WARN_UNUSED_FUNCTION = YES;
				GCC_WARN_UNUSED_VARIABLE = YES;
				IPHONEOS_DEPLOYMENT_TARGET = 12.4;
				MTL_ENABLE_DEBUG_INFO = INCLUDE_SOURCE;
				MTL_FAST_MATH = YES;
				ONLY_ACTIVE_ARCH = YES;
				SDKROOT = iphoneos;
				SWIFT_ACTIVE_COMPILATION_CONDITIONS = DEBUG;
				SWIFT_OPTIMIZATION_LEVEL = "-Onone";
			};
			name = Debug;
		};
		3DC108B228FAF22000089FC0 /* Release */ = {
			isa = XCBuildConfiguration;
			buildSettings = {
				ALWAYS_SEARCH_USER_PATHS = NO;
				CLANG_ANALYZER_NONNULL = YES;
				CLANG_ANALYZER_NUMBER_OBJECT_CONVERSION = YES_AGGRESSIVE;
				CLANG_CXX_LANGUAGE_STANDARD = "gnu++20";
				CLANG_ENABLE_MODULES = YES;
				CLANG_ENABLE_OBJC_ARC = YES;
				CLANG_ENABLE_OBJC_WEAK = YES;
				CLANG_WARN_BLOCK_CAPTURE_AUTORELEASING = YES;
				CLANG_WARN_BOOL_CONVERSION = YES;
				CLANG_WARN_COMMA = YES;
				CLANG_WARN_CONSTANT_CONVERSION = YES;
				CLANG_WARN_DEPRECATED_OBJC_IMPLEMENTATIONS = YES;
				CLANG_WARN_DIRECT_OBJC_ISA_USAGE = YES_ERROR;
				CLANG_WARN_DOCUMENTATION_COMMENTS = YES;
				CLANG_WARN_EMPTY_BODY = YES;
				CLANG_WARN_ENUM_CONVERSION = YES;
				CLANG_WARN_INFINITE_RECURSION = YES;
				CLANG_WARN_INT_CONVERSION = YES;
				CLANG_WARN_NON_LITERAL_NULL_CONVERSION = YES;
				CLANG_WARN_OBJC_IMPLICIT_RETAIN_SELF = YES;
				CLANG_WARN_OBJC_LITERAL_CONVERSION = YES;
				CLANG_WARN_OBJC_ROOT_CLASS = YES_ERROR;
				CLANG_WARN_QUOTED_INCLUDE_IN_FRAMEWORK_HEADER = YES;
				CLANG_WARN_RANGE_LOOP_ANALYSIS = YES;
				CLANG_WARN_STRICT_PROTOTYPES = YES;
				CLANG_WARN_SUSPICIOUS_MOVE = YES;
				CLANG_WARN_UNGUARDED_AVAILABILITY = YES_AGGRESSIVE;
				CLANG_WARN_UNREACHABLE_CODE = YES;
				CLANG_WARN__DUPLICATE_METHOD_MATCH = YES;
				COPY_PHASE_STRIP = NO;
				DEBUG_INFORMATION_FORMAT = "dwarf-with-dsym";
				ENABLE_NS_ASSERTIONS = NO;
				ENABLE_STRICT_OBJC_MSGSEND = YES;
				GCC_C_LANGUAGE_STANDARD = gnu11;
				GCC_NO_COMMON_BLOCKS = YES;
				GCC_WARN_64_TO_32_BIT_CONVERSION = YES;
				GCC_WARN_ABOUT_RETURN_TYPE = YES_ERROR;
				GCC_WARN_UNDECLARED_SELECTOR = YES;
				GCC_WARN_UNINITIALIZED_AUTOS = YES_AGGRESSIVE;
				GCC_WARN_UNUSED_FUNCTION = YES;
				GCC_WARN_UNUSED_VARIABLE = YES;
				IPHONEOS_DEPLOYMENT_TARGET = 12.4;
				MTL_ENABLE_DEBUG_INFO = NO;
				MTL_FAST_MATH = YES;
				SDKROOT = iphoneos;
				SWIFT_COMPILATION_MODE = wholemodule;
				SWIFT_OPTIMIZATION_LEVEL = "-O";
				VALIDATE_PRODUCT = YES;
			};
			name = Release;
		};
		3DC108B428FAF22000089FC0 /* Debug */ = {
			isa = XCBuildConfiguration;
			buildSettings = {
				ASSETCATALOG_COMPILER_APPICON_NAME = AppIcon;
				ASSETCATALOG_COMPILER_GLOBAL_ACCENT_COLOR_NAME = AccentColor;
				CLANG_ENABLE_MODULES = YES;
				CODE_SIGN_STYLE = Automatic;
				CURRENT_PROJECT_VERSION = 1;
				DEVELOPMENT_TEAM = TU2682LVXY;
				GENERATE_INFOPLIST_FILE = YES;
				INFOPLIST_FILE = "ToDo-Homework/Info.plist";
				INFOPLIST_KEY_UIApplicationSupportsIndirectInputEvents = YES;
				INFOPLIST_KEY_UILaunchStoryboardName = LaunchScreen;
				INFOPLIST_KEY_UIMainStoryboardFile = Main;
				INFOPLIST_KEY_UISupportedInterfaceOrientations_iPad = "UIInterfaceOrientationPortrait UIInterfaceOrientationPortraitUpsideDown UIInterfaceOrientationLandscapeLeft UIInterfaceOrientationLandscapeRight";
				INFOPLIST_KEY_UISupportedInterfaceOrientations_iPhone = "UIInterfaceOrientationPortrait UIInterfaceOrientationLandscapeLeft UIInterfaceOrientationLandscapeRight";
				IPHONEOS_DEPLOYMENT_TARGET = 13.0;
				LD_RUNPATH_SEARCH_PATHS = (
					"$(inherited)",
					"@executable_path/Frameworks",
				);
				MARKETING_VERSION = 1.0;
				PRODUCT_BUNDLE_IDENTIFIER = "com.abdullahayan.ToDo-Homework";
				PRODUCT_NAME = "$(TARGET_NAME)";
				SWIFT_EMIT_LOC_STRINGS = YES;
				SWIFT_OBJC_BRIDGING_HEADER = "ToDo-Homework/Database Files/ToDo-Homework-Bridging-Header.h";
				SWIFT_OPTIMIZATION_LEVEL = "-Onone";
				SWIFT_VERSION = 5.0;
				TARGETED_DEVICE_FAMILY = "1,2";
			};
			name = Debug;
		};
		3DC108B528FAF22000089FC0 /* Release */ = {
			isa = XCBuildConfiguration;
			buildSettings = {
				ASSETCATALOG_COMPILER_APPICON_NAME = AppIcon;
				ASSETCATALOG_COMPILER_GLOBAL_ACCENT_COLOR_NAME = AccentColor;
				CLANG_ENABLE_MODULES = YES;
				CODE_SIGN_STYLE = Automatic;
				CURRENT_PROJECT_VERSION = 1;
				DEVELOPMENT_TEAM = TU2682LVXY;
				GENERATE_INFOPLIST_FILE = YES;
				INFOPLIST_FILE = "ToDo-Homework/Info.plist";
				INFOPLIST_KEY_UIApplicationSupportsIndirectInputEvents = YES;
				INFOPLIST_KEY_UILaunchStoryboardName = LaunchScreen;
				INFOPLIST_KEY_UIMainStoryboardFile = Main;
				INFOPLIST_KEY_UISupportedInterfaceOrientations_iPad = "UIInterfaceOrientationPortrait UIInterfaceOrientationPortraitUpsideDown UIInterfaceOrientationLandscapeLeft UIInterfaceOrientationLandscapeRight";
				INFOPLIST_KEY_UISupportedInterfaceOrientations_iPhone = "UIInterfaceOrientationPortrait UIInterfaceOrientationLandscapeLeft UIInterfaceOrientationLandscapeRight";
				IPHONEOS_DEPLOYMENT_TARGET = 13.0;
				LD_RUNPATH_SEARCH_PATHS = (
					"$(inherited)",
					"@executable_path/Frameworks",
				);
				MARKETING_VERSION = 1.0;
				PRODUCT_BUNDLE_IDENTIFIER = "com.abdullahayan.ToDo-Homework";
				PRODUCT_NAME = "$(TARGET_NAME)";
				SWIFT_EMIT_LOC_STRINGS = YES;
				SWIFT_OBJC_BRIDGING_HEADER = "ToDo-Homework/Database Files/ToDo-Homework-Bridging-Header.h";
				SWIFT_VERSION = 5.0;
				TARGETED_DEVICE_FAMILY = "1,2";
			};
			name = Release;
		};
/* End XCBuildConfiguration section */

/* Begin XCConfigurationList section */
		3DC1089A28FAF21E00089FC0 /* Build configuration list for PBXProject "ToDo-Homework" */ = {
			isa = XCConfigurationList;
			buildConfigurations = (
				3DC108B128FAF22000089FC0 /* Debug */,
				3DC108B228FAF22000089FC0 /* Release */,
			);
			defaultConfigurationIsVisible = 0;
			defaultConfigurationName = Release;
		};
		3DC108B328FAF22000089FC0 /* Build configuration list for PBXNativeTarget "ToDo-Homework" */ = {
			isa = XCConfigurationList;
			buildConfigurations = (
				3DC108B428FAF22000089FC0 /* Debug */,
				3DC108B528FAF22000089FC0 /* Release */,
			);
			defaultConfigurationIsVisible = 0;
			defaultConfigurationName = Release;
		};
/* End XCConfigurationList section */
	};
	rootObject = 3DC1089728FAF21E00089FC0 /* Project object */;
}
